{
  "version": 4,
  "terraform_version": "0.13.5",
  "serial": 1096,
  "lineage": "979655d6-4146-0ec7-6fde-c8e18aea8761",
  "outputs": {},
  "resources": [
    {
      "mode": "data",
      "type": "aws_availability_zones",
      "name": "available",
      "provider": "provider[\"registry.terraform.io/hashicorp/aws\"]",
      "instances": [
        {
          "schema_version": 0,
          "attributes": {
            "all_availability_zones": null,
            "exclude_names": null,
            "exclude_zone_ids": null,
            "filter": null,
            "group_names": [
              "us-east-2"
            ],
            "id": "us-east-2",
            "names": [
              "us-east-2a",
              "us-east-2b",
              "us-east-2c"
            ],
            "state": "available",
            "zone_ids": [
              "use2-az1",
              "use2-az2",
              "use2-az3"
            ]
          }
        }
      ]
    },
    {
      "mode": "data",
      "type": "aws_vpc",
      "name": "selected",
      "provider": "provider[\"registry.terraform.io/hashicorp/aws\"]",
      "instances": [
        {
          "schema_version": 0,
          "attributes": {
            "arn": "arn:aws:ec2:us-east-2:513154141265:vpc/vpc-03099c84498699c15",
            "cidr_block": "10.0.0.0/16",
            "cidr_block_associations": [
              {
                "association_id": "vpc-cidr-assoc-075a78cc9bc098ec9",
                "cidr_block": "10.0.0.0/16",
                "state": "associated"
              }
            ],
            "default": false,
            "dhcp_options_id": "dopt-958610fe",
            "enable_dns_hostnames": false,
            "enable_dns_support": true,
            "filter": null,
            "id": "vpc-03099c84498699c15",
            "instance_tenancy": "default",
            "ipv6_association_id": null,
            "ipv6_cidr_block": null,
            "main_route_table_id": "rtb-0d538a99e93354b36",
            "owner_id": "513154141265",
            "state": "available",
            "tags": {
              "Name": "terraform-vpc"
            }
          }
        }
      ]
    },
    {
      "mode": "managed",
      "type": "aws_eks_cluster",
      "name": "vgd-cluster",
      "provider": "provider[\"registry.terraform.io/hashicorp/aws\"]",
      "instances": [
        {
          "schema_version": 0,
          "attributes": {
            "arn": "arn:aws:eks:us-east-2:513154141265:cluster/terraform-eks-vgd",
            "certificate_authority": [
              {
                "data": "LS0tLS1CRUdJTiBDRVJUSUZJQ0FURS0tLS0tCk1JSUN5RENDQWJDZ0F3SUJBZ0lCQURBTkJna3Foa2lHOXcwQkFRc0ZBREFWTVJNd0VRWURWUVFERXdwcmRXSmwKY201bGRHVnpNQjRYRFRJd01USXdNakE0TWpjd01sb1hEVE13TVRFek1EQTRNamN3TWxvd0ZURVRNQkVHQTFVRQpBeE1LYTNWaVpYSnVaWFJsY3pDQ0FTSXdEUVlKS29aSWh2Y05BUUVCQlFBRGdnRVBBRENDQVFvQ2dnRUJBS1hqCkgyekRNOFV5bDJ3aldPWUVlQkd3MVhxNkNMaVZuSUxrZmJaWk5PZFAyaTdLSFhDeE9DUnFHVzZka1BxclhMVnUKd1RZQXJ3ZHExNklhaDhCcmUwdDJ3WmhOQ0NpakQrSk5VaG1OaGVJL0xybmh2SndWMlZOS01MelFKYXIwbXNiVgpqMTUyMXRnblNWUnFFa3ZGeVhBZmFiYW9PUElBbUVtcjJ2WCtyYzgwdDIwS0gvTkRySVBOUGQ5ODY4eWVDNXBtCnZtVGNpY29pNS9PTVYzWnh0WGt0L0E0SGIzYzluNldOQnlrL2VsSHZmOU4vL2FRVVc0eVNDWWJmYklVQlZSSisKcnNMVThUdE5rRkJoeTVHckYxMFlIRWlpdFNYL0x5TFN0SndpVDg5YmVMem1RMWhkSjJtcUpmNXNTVFI5cmp1RgpLbVd1TjNRc0F6b2FZUkI3ZlhFQ0F3RUFBYU1qTUNFd0RnWURWUjBQQVFIL0JBUURBZ0trTUE4R0ExVWRFd0VCCi93UUZNQU1CQWY4d0RRWUpLb1pJaHZjTkFRRUxCUUFEZ2dFQkFCL3FzNFVXM1AvNFNLYzFubUR4NHBxc09IQW8KOCtkNzRUWXRtbTY4bzNtL3B4d2lIS2FPNlhDL3hIMVVKbDBqQ0hMaXh2aktMRGY0ODEvSlF2Q1RTWUhicXljSApQVDVnZ2s3TmpyazUxa09BQ1hRNWw4Z1ZmVGliMW9nZHVteFhYdERlY1JzSko3a1RiMnFORGVqd3p0OG82ZFRECnVWTEhjcENuYUlob1IrVVptTm5LZEh3T3ZrejZkVE44NnVzdTk3Z1BlWGprMDhpbHk2ekZMbk1LUUlvaTZzY1AKbktIM2M1Q0ZzRWNnQWlmZzh1MGswSFhYTXA4aEswNkVvbVo3MzJIZ3IrYnhsbit4UUFSWWJQZmNZUWNTRFlLYgpwRTJhVWtYVENnUUducDdxMnFvUTJyMHh5YXlWUWZTL1ZxeXJjb2pScnZTeFlEdFczRGJVK1A0TmFuND0KLS0tLS1FTkQgQ0VSVElGSUNBVEUtLS0tLQo="
              }
            ],
            "created_at": "2020-12-02 08:18:22.893 +0000 UTC",
            "enabled_cluster_log_types": [
              "api",
              "audit"
            ],
            "encryption_config": [],
            "endpoint": "https://C03E48D9FE1EAA3745ACDF7207807FB1.gr7.us-east-2.eks.amazonaws.com",
            "id": "terraform-eks-vgd",
            "identity": [
              {
                "oidc": [
                  {
                    "issuer": "https://oidc.eks.us-east-2.amazonaws.com/id/C03E48D9FE1EAA3745ACDF7207807FB1"
                  }
                ]
              }
            ],
            "name": "terraform-eks-vgd",
            "platform_version": "eks.3",
            "role_arn": "arn:aws:iam::513154141265:role/terraform-eks-vgd-cluster-iam",
            "status": "ACTIVE",
            "tags": {},
            "timeouts": null,
            "version": "1.18",
            "vpc_config": [
              {
                "cluster_security_group_id": "sg-0101fdfc46313b10e",
                "endpoint_private_access": true,
                "endpoint_public_access": false,
                "public_access_cidrs": [],
                "security_group_ids": [
                  "sg-0cef50e6f753c0b66"
                ],
                "subnet_ids": [
                  "subnet-00f7d9cdc44f5aa41",
                  "subnet-05833dfacb63160bc"
                ],
                "vpc_id": "vpc-03099c84498699c15"
              }
            ]
          }
        }
      ]
    },
    {
      "mode": "managed",
      "type": "aws_iam_role",
      "name": "vgd-cluster-iam",
      "provider": "provider[\"registry.terraform.io/hashicorp/aws\"]",
      "instances": [
        {
          "schema_version": 0,
          "attributes": {
            "arn": "arn:aws:iam::513154141265:role/terraform-eks-vgd-cluster-iam",
            "assume_role_policy": "{\"Version\":\"2012-10-17\",\"Statement\":[{\"Effect\":\"Allow\",\"Principal\":{\"Service\":\"eks.amazonaws.com\"},\"Action\":\"sts:AssumeRole\"}]}",
            "create_date": "2020-12-02T08:18:18Z",
            "description": "",
            "force_detach_policies": false,
            "id": "terraform-eks-vgd-cluster-iam",
            "max_session_duration": 3600,
            "name": "terraform-eks-vgd-cluster-iam",
            "name_prefix": null,
            "path": "/",
            "permissions_boundary": null,
            "tags": {},
            "unique_id": "AROAXO6S6ZRIU2PMCXSOQ"
          },
          "private": "bnVsbA=="
        }
      ]
    },
    {
      "mode": "managed",
      "type": "aws_iam_role_policy_attachment",
      "name": "AmazonEC2ContainerRegistryReadOnly",
      "provider": "provider[\"registry.terraform.io/hashicorp/aws\"]",
      "instances": [
        {
          "schema_version": 0,
          "attributes": {
            "id": "terraform-eks-vgd-cluster-iam-20201202081819731400000004",
            "policy_arn": "arn:aws:iam::aws:policy/AmazonEC2ContainerRegistryReadOnly",
            "role": "terraform-eks-vgd-cluster-iam"
          },
          "private": "bnVsbA==",
          "dependencies": [
            "aws_iam_role.vgd-cluster-iam"
          ]
        }
      ]
    },
    {
      "mode": "managed",
      "type": "aws_iam_role_policy_attachment",
      "name": "AmazonEKSWorkerNodePolicy",
      "provider": "provider[\"registry.terraform.io/hashicorp/aws\"]",
      "instances": [
        {
          "schema_version": 0,
          "attributes": {
            "id": "terraform-eks-vgd-cluster-iam-20201202081819732700000005",
            "policy_arn": "arn:aws:iam::aws:policy/AmazonEKSWorkerNodePolicy",
            "role": "terraform-eks-vgd-cluster-iam"
          },
          "private": "bnVsbA==",
          "dependencies": [
            "aws_iam_role.vgd-cluster-iam"
          ]
        }
      ]
    },
    {
      "mode": "managed",
      "type": "aws_iam_role_policy_attachment",
      "name": "AmazonEKS_CNI_Policy",
      "provider": "provider[\"registry.terraform.io/hashicorp/aws\"]",
      "instances": [
        {
          "schema_version": 0,
          "attributes": {
            "id": "terraform-eks-vgd-cluster-iam-20201202081819385200000002",
            "policy_arn": "arn:aws:iam::aws:policy/AmazonEKS_CNI_Policy",
            "role": "terraform-eks-vgd-cluster-iam"
          },
          "private": "bnVsbA==",
          "dependencies": [
            "aws_iam_role.vgd-cluster-iam"
          ]
        }
      ]
    },
    {
      "mode": "managed",
      "type": "aws_iam_role_policy_attachment",
      "name": "vgd-cluster-AmazonEKSClusterPolicy",
      "provider": "provider[\"registry.terraform.io/hashicorp/aws\"]",
      "instances": [
        {
          "schema_version": 0,
          "attributes": {
            "id": "terraform-eks-vgd-cluster-iam-20201202081819414800000003",
            "policy_arn": "arn:aws:iam::aws:policy/AmazonEKSClusterPolicy",
            "role": "terraform-eks-vgd-cluster-iam"
          },
          "private": "bnVsbA==",
          "dependencies": [
            "aws_iam_role.vgd-cluster-iam"
          ]
        }
      ]
    },
    {
      "mode": "managed",
      "type": "aws_iam_role_policy_attachment",
      "name": "vgd-cluster-AmazonEKSServicePolicy",
      "provider": "provider[\"registry.terraform.io/hashicorp/aws\"]",
      "instances": [
        {
          "schema_version": 0,
          "attributes": {
            "id": "terraform-eks-vgd-cluster-iam-20201202081819380200000001",
            "policy_arn": "arn:aws:iam::aws:policy/AmazonEKSServicePolicy",
            "role": "terraform-eks-vgd-cluster-iam"
          },
          "private": "bnVsbA==",
          "dependencies": [
            "aws_iam_role.vgd-cluster-iam"
          ]
        }
      ]
    },
    {
      "mode": "managed",
      "type": "aws_security_group",
      "name": "vgd-cluster-sg",
      "provider": "provider[\"registry.terraform.io/hashicorp/aws\"]",
      "instances": [
        {
          "schema_version": 1,
          "attributes": {
            "arn": "arn:aws:ec2:us-east-2:513154141265:security-group/sg-0cef50e6f753c0b66",
            "description": "Security group for communication with worker nodes",
            "egress": [
              {
                "cidr_blocks": [
                  "0.0.0.0/0"
                ],
                "description": "",
                "from_port": 0,
                "ipv6_cidr_blocks": [],
                "prefix_list_ids": [],
                "protocol": "-1",
                "security_groups": [],
                "self": false,
                "to_port": 0
              }
            ],
            "id": "sg-0cef50e6f753c0b66",
            "ingress": [
              {
                "cidr_blocks": [
                  "10.0.1.0/24",
                  "10.0.0.0/24"
                ],
                "description": "Allow workstation to communicate with the cluster API Server",
                "from_port": 443,
                "ipv6_cidr_blocks": [],
                "prefix_list_ids": [],
                "protocol": "tcp",
                "security_groups": [],
                "self": false,
                "to_port": 443
              },
              {
                "cidr_blocks": [],
                "description": "Allow pods to communicate with the cluster API Server",
                "from_port": 443,
                "ipv6_cidr_blocks": [],
                "prefix_list_ids": [],
                "protocol": "tcp",
                "security_groups": [
                  "sg-033ddcb8015eec329"
                ],
                "self": false,
                "to_port": 443
              }
            ],
            "name": "terraform-eks-vgd-cluster-sg",
            "name_prefix": "",
            "owner_id": "513154141265",
            "revoke_rules_on_delete": false,
            "tags": {
              "Name": "terraform-eks-vgd-sg"
            },
            "timeouts": null,
            "vpc_id": "vpc-03099c84498699c15"
          },
          "private": "eyJlMmJmYjczMC1lY2FhLTExZTYtOGY4OC0zNDM2M2JjN2M0YzAiOnsiY3JlYXRlIjo2MDAwMDAwMDAwMDAsImRlbGV0ZSI6NjAwMDAwMDAwMDAwfSwic2NoZW1hX3ZlcnNpb24iOiIxIn0=",
          "dependencies": [
            "data.aws_vpc.selected"
          ]
        }
      ]
    },
    {
      "mode": "managed",
      "type": "aws_subnet",
      "name": "subnet",
      "provider": "provider[\"registry.terraform.io/hashicorp/aws\"]",
      "instances": [
        {
          "index_key": 0,
          "schema_version": 1,
          "attributes": {
            "arn": "arn:aws:ec2:us-east-2:513154141265:subnet/subnet-05833dfacb63160bc",
            "assign_ipv6_address_on_creation": false,
            "availability_zone": "us-east-2a",
            "availability_zone_id": "use2-az1",
            "cidr_block": "10.0.0.0/24",
            "id": "subnet-05833dfacb63160bc",
            "ipv6_cidr_block": "",
            "ipv6_cidr_block_association_id": "",
            "map_public_ip_on_launch": true,
            "outpost_arn": "",
            "owner_id": "513154141265",
            "tags": {
              "Name": "terraform-eks-demo-node",
              "kubernetes.io/cluster/terraform-eks-vgd": "shared"
            },
            "timeouts": null,
            "vpc_id": "vpc-03099c84498699c15"
          },
          "private": "eyJlMmJmYjczMC1lY2FhLTExZTYtOGY4OC0zNDM2M2JjN2M0YzAiOnsiY3JlYXRlIjo2MDAwMDAwMDAwMDAsImRlbGV0ZSI6MTIwMDAwMDAwMDAwMH0sInNjaGVtYV92ZXJzaW9uIjoiMSJ9",
          "dependencies": [
            "data.aws_availability_zones.available",
            "data.aws_vpc.selected"
          ]
        },
        {
          "index_key": 1,
          "schema_version": 1,
          "attributes": {
            "arn": "arn:aws:ec2:us-east-2:513154141265:subnet/subnet-00f7d9cdc44f5aa41",
            "assign_ipv6_address_on_creation": false,
            "availability_zone": "us-east-2b",
            "availability_zone_id": "use2-az2",
            "cidr_block": "10.0.1.0/24",
            "id": "subnet-00f7d9cdc44f5aa41",
            "ipv6_cidr_block": "",
            "ipv6_cidr_block_association_id": "",
            "map_public_ip_on_launch": true,
            "outpost_arn": "",
            "owner_id": "513154141265",
            "tags": {
              "Name": "terraform-eks-demo-node",
              "kubernetes.io/cluster/terraform-eks-vgd": "shared"
            },
            "timeouts": null,
            "vpc_id": "vpc-03099c84498699c15"
          },
          "private": "eyJlMmJmYjczMC1lY2FhLTExZTYtOGY4OC0zNDM2M2JjN2M0YzAiOnsiY3JlYXRlIjo2MDAwMDAwMDAwMDAsImRlbGV0ZSI6MTIwMDAwMDAwMDAwMH0sInNjaGVtYV92ZXJzaW9uIjoiMSJ9",
          "dependencies": [
            "data.aws_availability_zones.available",
            "data.aws_vpc.selected"
          ]
        }
      ]
    }
  ]
}
